
Microsoft Visual Studio Solution File, Format Version 12.00
# Visual Studio Version 17
VisualStudioVersion = 17.14.36301.6 d17.14
MinimumVisualStudioVersion = 10.0.40219.1
Project("{FAE04EC0-301F-11D3-BF4B-00C04F79EFBC}") = "InheritanceAndMethodOverriding", "InheritanceAndMethodOverriding\InheritanceAndMethodOverriding.csproj", "{01A268DE-E72B-4181-B0DA-DE46550ED63F}"
EndProject
Global
	GlobalSection(SolutionConfigurationPlatforms) = preSolution
		Debug|Any CPU = Debug|Any CPU
		Release|Any CPU = Release|Any CPU
	EndGlobalSection
	GlobalSection(ProjectConfigurationPlatforms) = postSolution
		{01A268DE-E72B-4181-B0DA-DE46550ED63F}.Debug|Any CPU.ActiveCfg = Debug|Any CPU
		{01A268DE-E72B-4181-B0DA-DE46550ED63F}.Debug|Any CPU.Build.0 = Debug|Any CPU
		{01A268DE-E72B-4181-B0DA-DE46550ED63F}.Release|Any CPU.ActiveCfg = Release|Any CPU
		{01A268DE-E72B-4181-B0DA-DE46550ED63F}.Release|Any CPU.Build.0 = Release|Any CPU
	EndGlobalSection
	GlobalSection(SolutionProperties) = preSolution
		HideSolutionNode = FALSE
	EndGlobalSection
	GlobalSection(ExtensibilityGlobals) = postSolution
		SolutionGuid = {740A855E-895A-44A6-8108-80D70F28300B}
	EndGlobalSection
EndGlobal
