
Microsoft Visual Studio Solution File, Format Version 12.00
# Visual Studio Version 17
VisualStudioVersion = 17.14.36301.6 d17.14
MinimumVisualStudioVersion = 10.0.40219.1
Project("{FAE04EC0-301F-11D3-BF4B-00C04F79EFBC}") = "Interfaces", "Interfaces\Interfaces.csproj", "{7691181E-B835-4D26-A68A-822BECA8E7D1}"
EndProject
Global
	GlobalSection(SolutionConfigurationPlatforms) = preSolution
		Debug|Any CPU = Debug|Any CPU
		Release|Any CPU = Release|Any CPU
	EndGlobalSection
	GlobalSection(ProjectConfigurationPlatforms) = postSolution
		{7691181E-B835-4D26-A68A-822BECA8E7D1}.Debug|Any CPU.ActiveCfg = Debug|Any CPU
		{7691181E-B835-4D26-A68A-822BECA8E7D1}.Debug|Any CPU.Build.0 = Debug|Any CPU
		{7691181E-B835-4D26-A68A-822BECA8E7D1}.Release|Any CPU.ActiveCfg = Release|Any CPU
		{7691181E-B835-4D26-A68A-822BECA8E7D1}.Release|Any CPU.Build.0 = Release|Any CPU
	EndGlobalSection
	GlobalSection(SolutionProperties) = preSolution
		HideSolutionNode = FALSE
	EndGlobalSection
	GlobalSection(ExtensibilityGlobals) = postSolution
		SolutionGuid = {3222AA7C-E282-4A37-A3BC-D80BF6E61278}
	EndGlobalSection
EndGlobal
